hash: cffa596e58d4a3630bb4de8e3bf3859de61cf275c909afd2fb8b470ad5920580
updated: 2016-06-21T09:24:12.840069793-05:00
imports:
- name: github.com/dgrijalva/jwt-go
  version: f0777076321ab64f6efc15a82d9d23b98539b943
- name: github.com/garyburd/redigo
  version: b8dc90050f24c1a73a52f107f3f575be67b21b7c
  subpackages:
  - redis
  - internal
- name: golang.org/x/crypto
  version: f3241ce8505855877cc8a9717bd61a0f7c4ea83c
  subpackages:
  - bcrypt
devImports: []
