hash: 042a3d9398b995906ecc11b1bb7ce13bacd89361cbe0789774eb3d1364177836
updated: 2016-06-19T19:26:00.474516652-05:00
imports:
- name: github.com/dgrijalva/jwt-go
  version: f0777076321ab64f6efc15a82d9d23b98539b943
- name: github.com/garyburd/redigo
  version: b8dc90050f24c1a73a52f107f3f575be67b21b7c
  subpackages:
  - redis
devImports: []
